
Microsoft Visual Studio Solution File, Format Version 12.00
# Visual Studio Version 16
VisualStudioVersion = 16.0.29920.165
MinimumVisualStudioVersion = 10.0.40219.1
Project("{FAE04EC0-301F-11D3-BF4B-00C04F79EFBC}") = "StringManipulation", "StringManipulation\StringManipulation.csproj", "{D68D216F-9879-4E35-BF06-91F3B6C62E2A}"
EndProject
Project("{FAE04EC0-301F-11D3-BF4B-00C04F79EFBC}") = "StringManipulation.Test", "StringManipulation.Test\StringManipulation.Test.csproj", "{E596927D-F943-4304-83FB-BF7107EF94C7}"
EndProject
Global
	GlobalSection(SolutionConfigurationPlatforms) = preSolution
		Debug|Any CPU = Debug|Any CPU
		Release|Any CPU = Release|Any CPU
	EndGlobalSection
	GlobalSection(ProjectConfigurationPlatforms) = postSolution
		{D68D216F-9879-4E35-BF06-91F3B6C62E2A}.Debug|Any CPU.ActiveCfg = Debug|Any CPU
		{D68D216F-9879-4E35-BF06-91F3B6C62E2A}.Debug|Any CPU.Build.0 = Debug|Any CPU
		{D68D216F-9879-4E35-BF06-91F3B6C62E2A}.Release|Any CPU.ActiveCfg = Release|Any CPU
		{D68D216F-9879-4E35-BF06-91F3B6C62E2A}.Release|Any CPU.Build.0 = Release|Any CPU
		{E596927D-F943-4304-83FB-BF7107EF94C7}.Debug|Any CPU.ActiveCfg = Debug|Any CPU
		{E596927D-F943-4304-83FB-BF7107EF94C7}.Debug|Any CPU.Build.0 = Debug|Any CPU
		{E596927D-F943-4304-83FB-BF7107EF94C7}.Release|Any CPU.ActiveCfg = Release|Any CPU
		{E596927D-F943-4304-83FB-BF7107EF94C7}.Release|Any CPU.Build.0 = Release|Any CPU
	EndGlobalSection
	GlobalSection(SolutionProperties) = preSolution
		HideSolutionNode = FALSE
	EndGlobalSection
	GlobalSection(ExtensibilityGlobals) = postSolution
		SolutionGuid = {9A0AAE49-082C-49F2-B2B4-B75C0EFF2FB9}
	EndGlobalSection
EndGlobal
